
Microsoft Visual Studio Solution File, Format Version 12.00
# Visual Studio Version 16
VisualStudioVersion = 16.0.33214.272
MinimumVisualStudioVersion = 10.0.40219.1
Project("{8BC9CEB8-8B4A-11D0-8D11-00A0C91BC942}") = "libKernelInterface", "libKernelInterface\libKernelInterface.vcxproj", "{28C64BB9-B55E-4BDC-903F-9CAEB99222F3}"
EndProject
Global
	GlobalSection(SolutionConfigurationPlatforms) = preSolution
		Debug|ORBIS = Debug|ORBIS
		Release|ORBIS = Release|ORBIS
	EndGlobalSection
	GlobalSection(ProjectConfigurationPlatforms) = postSolution
		{28C64BB9-B55E-4BDC-903F-9CAEB99222F3}.Debug|ORBIS.ActiveCfg = Debug|ORBIS
		{28C64BB9-B55E-4BDC-903F-9CAEB99222F3}.Debug|ORBIS.Build.0 = Debug|ORBIS
		{28C64BB9-B55E-4BDC-903F-9CAEB99222F3}.Release|ORBIS.ActiveCfg = Release|ORBIS
		{28C64BB9-B55E-4BDC-903F-9CAEB99222F3}.Release|ORBIS.Build.0 = Release|ORBIS
	EndGlobalSection
	GlobalSection(SolutionProperties) = preSolution
		HideSolutionNode = FALSE
	EndGlobalSection
	GlobalSection(ExtensibilityGlobals) = postSolution
		SolutionGuid = {74117CFE-BCBB-41C4-B822-24276C4FA378}
	EndGlobalSection
EndGlobal
